
Microsoft Visual Studio Solution File, Format Version 12.00
# Visual Studio 2012
Project("{FAE04EC0-301F-11D3-BF4B-00C04F79EFBC}") = "OBehave", "OBehave\OBehave.csproj", "{47184FF4-6E86-4821-96FF-207B700CBFE5}"
EndProject
Project("{2150E333-8FDC-42A3-9474-1A3956D46DE8}") = "Solution Items", "Solution Items", "{F469E5F3-1C1E-4092-84DA-C052B854B2CF}"
EndProject
Project("{2150E333-8FDC-42A3-9474-1A3956D46DE8}") = ".nuget", ".nuget", "{23E462B3-031F-4A6B-8C16-48ACCBC2DDF0}"
	ProjectSection(SolutionItems) = preProject
		.nuget\NuGet.Config = .nuget\NuGet.Config
		.nuget\NuGet.exe = .nuget\NuGet.exe
		.nuget\NuGet.targets = .nuget\NuGet.targets
	EndProjectSection
EndProject
Project("{FAE04EC0-301F-11D3-BF4B-00C04F79EFBC}") = "OBehave.Tests", "OBehave.Tests\OBehave.Tests.csproj", "{FCD6A0E7-57B0-43A1-B6C3-73A9C8298395}"
	ProjectSection(ProjectDependencies) = postProject
		{47184FF4-6E86-4821-96FF-207B700CBFE5} = {47184FF4-6E86-4821-96FF-207B700CBFE5}
	EndProjectSection
EndProject
Project("{FAE04EC0-301F-11D3-BF4B-00C04F79EFBC}") = "OBehave35", "OBehave35\OBehave35.csproj", "{AED75D05-C90C-4307-84CE-C585F3A3578D}"
EndProject
Global
	GlobalSection(SolutionConfigurationPlatforms) = preSolution
		Debug|Any CPU = Debug|Any CPU
		Release|Any CPU = Release|Any CPU
	EndGlobalSection
	GlobalSection(ProjectConfigurationPlatforms) = postSolution
		{47184FF4-6E86-4821-96FF-207B700CBFE5}.Debug|Any CPU.ActiveCfg = Debug|Any CPU
		{47184FF4-6E86-4821-96FF-207B700CBFE5}.Debug|Any CPU.Build.0 = Debug|Any CPU
		{47184FF4-6E86-4821-96FF-207B700CBFE5}.Release|Any CPU.ActiveCfg = Release|Any CPU
		{47184FF4-6E86-4821-96FF-207B700CBFE5}.Release|Any CPU.Build.0 = Release|Any CPU
		{FCD6A0E7-57B0-43A1-B6C3-73A9C8298395}.Debug|Any CPU.ActiveCfg = Debug|Any CPU
		{FCD6A0E7-57B0-43A1-B6C3-73A9C8298395}.Debug|Any CPU.Build.0 = Debug|Any CPU
		{FCD6A0E7-57B0-43A1-B6C3-73A9C8298395}.Release|Any CPU.ActiveCfg = Release|Any CPU
		{FCD6A0E7-57B0-43A1-B6C3-73A9C8298395}.Release|Any CPU.Build.0 = Release|Any CPU
		{AED75D05-C90C-4307-84CE-C585F3A3578D}.Debug|Any CPU.ActiveCfg = Debug|Any CPU
		{AED75D05-C90C-4307-84CE-C585F3A3578D}.Debug|Any CPU.Build.0 = Debug|Any CPU
		{AED75D05-C90C-4307-84CE-C585F3A3578D}.Release|Any CPU.ActiveCfg = Release|Any CPU
		{AED75D05-C90C-4307-84CE-C585F3A3578D}.Release|Any CPU.Build.0 = Release|Any CPU
	EndGlobalSection
	GlobalSection(SolutionProperties) = preSolution
		HideSolutionNode = FALSE
	EndGlobalSection
EndGlobal
